<?xml version="1.0" encoding="UTF-8"?>
<Scheme
   LastUpgradeVersion = "2640"
   version = "1.7">
   <BuildAction
      parallelizeBuildables = "YES"
      buildImplicitDependencies = "YES"
      buildArchitectures = "Automatic">
      <BuildActionEntries>
         <BuildActionEntry
            buildForTesting = "YES"
            buildForRunning = "YES"
            buildForProfiling = "YES"
            buildForArchiving = "YES"
            buildForAnalyzing = "YES">
            <BuildableReference
               BuildableIdentifier = "primary"
               BlueprintIdentifier = "A10000060000000000000001"
               BuildableName = "verso.app"
               BlueprintName = "verso"
               ReferencedContainer = "container:verso.xcodeproj">
            </BuildableReference>
         </BuildActionEntry>
      </BuildActionEntries>
   </BuildAction>
   <TestAction
      buildConfiguration = "Debug"
      selectedDebuggerIdentifier = "Xcode.DebuggerFoundation.Debugger.LLDB"
      selectedLauncherIdentifier = "Xcode.DebuggerFoundation.Launcher.LLDB"
      shouldUseLaunchSchemeArgsEnv = "YES"
      shouldAutocreateTestPlan = "YES">
   </TestAction>
   <LaunchAction
      buildConfiguration = "Debug"
      selectedDebuggerIdentifier = "Xcode.DebuggerFoundation.Debugger.LLDB"
      selectedLauncherIdentifier = "Xcode.DebuggerFoundation.Launcher.LLDB"
      launchStyle = "0"
      useCustomWorkingDirectory = "NO"
      ignoresPersistentStateOnLaunch = "NO"
      debugDocumentVersioning = "YES"
      debugServiceExtension = "internal"
      allowLocationSimulation = "YES"
      queueDebuggingEnableBacktraceRecording = "Yes">
      <BuildableProductRunnable
         runnableDebuggingMode = "0">
         <BuildableReference
            BuildableIdentifier = "primary"
            BlueprintIdentifier = "A10000060000000000000001"
            BuildableName = "verso.app"
            BlueprintName = "verso"
            ReferencedContainer = "container:verso.xcodeproj">
         </BuildableReference>
      </BuildableProductRunnable>
      <EnvironmentVariables>
         <EnvironmentVariable
            key = "VERSO_GBRAIN_ENABLED"
            value = "1"
            isEnabled = "YES">
         </EnvironmentVariable>
         <EnvironmentVariable
            key = "VERSO_GBRAIN_COMMAND"
            value = "/Users/hugo-succinct/.bun/bin/bun"
            isEnabled = "YES">
         </EnvironmentVariable>
         <EnvironmentVariable
            key = "VERSO_GBRAIN_ARGS"
            value = "[&quot;/Users/hugo-succinct/conductor/workspaces/huacamayo/papeete/.context/external/gbrain-latest/src/cli.ts&quot;]"
            isEnabled = "YES">
         </EnvironmentVariable>
         <EnvironmentVariable
            key = "VERSO_HERMES_HOME"
            value = "/Users/hugo-succinct/Library/Application Support/verso/hermes-home"
            isEnabled = "YES">
         </EnvironmentVariable>
         <EnvironmentVariable
            key = "VERSO_BUNDLED_PYTHON_DIR"
            value = "/Users/hugo-succinct/conductor/workspaces/huacamayo/port-louis/desktop/runtime-bundles/python"
            isEnabled = "YES">
         </EnvironmentVariable>
         <EnvironmentVariable
            key = "VERSO_BUNDLED_SITE_PACKAGES_DIR"
            value = "/Users/hugo-succinct/conductor/workspaces/huacamayo/port-louis/desktop/runtime-bundles/site-packages"
            isEnabled = "YES">
         </EnvironmentVariable>
         <EnvironmentVariable
            key = "VERSO_BUNDLED_DEFAULTS"
            value = "/Users/hugo-succinct/conductor/workspaces/huacamayo/port-louis/desktop/runtime-bundles/hermes-defaults"
            isEnabled = "YES">
         </EnvironmentVariable>
         <EnvironmentVariable
            key = "VERSO_BUNDLE_VERSION"
            value = "dev-gbrain"
            isEnabled = "YES">
         </EnvironmentVariable>
      </EnvironmentVariables>
   </LaunchAction>
   <ProfileAction
      buildConfiguration = "Release"
      shouldUseLaunchSchemeArgsEnv = "YES"
      savedToolIdentifier = ""
      useCustomWorkingDirectory = "NO"
      debugDocumentVersioning = "YES">
      <BuildableProductRunnable
         runnableDebuggingMode = "0">
         <BuildableReference
            BuildableIdentifier = "primary"
            BlueprintIdentifier = "A10000060000000000000001"
            BuildableName = "verso.app"
            BlueprintName = "verso"
            ReferencedContainer = "container:verso.xcodeproj">
         </BuildableReference>
      </BuildableProductRunnable>
   </ProfileAction>
   <AnalyzeAction
      buildConfiguration = "Debug">
   </AnalyzeAction>
   <ArchiveAction
      buildConfiguration = "Release"
      revealArchiveInOrganizer = "YES">
   </ArchiveAction>
</Scheme>
